
Microsoft Visual Studio Solution File, Format Version 12.00
# Visual Studio Version 17
VisualStudioVersion = 17.9.34622.214
MinimumVisualStudioVersion = 10.0.40219.1
Project("{FAE04EC0-301F-11D3-BF4B-00C04F79EFBC}") = "RepoApp", "RepoApp\RepoApp.csproj", "{B7C66ADC-7FDB-47AE-88EB-3EA5A0470848}"
EndProject
Global
	GlobalSection(SolutionConfigurationPlatforms) = preSolution
		Debug|Any CPU = Debug|Any CPU
		Release|Any CPU = Release|Any CPU
	EndGlobalSection
	GlobalSection(ProjectConfigurationPlatforms) = postSolution
		{B7C66ADC-7FDB-47AE-88EB-3EA5A0470848}.Debug|Any CPU.ActiveCfg = Debug|Any CPU
		{B7C66ADC-7FDB-47AE-88EB-3EA5A0470848}.Debug|Any CPU.Build.0 = Debug|Any CPU
		{B7C66ADC-7FDB-47AE-88EB-3EA5A0470848}.Release|Any CPU.ActiveCfg = Release|Any CPU
		{B7C66ADC-7FDB-47AE-88EB-3EA5A0470848}.Release|Any CPU.Build.0 = Release|Any CPU
	EndGlobalSection
	GlobalSection(SolutionProperties) = preSolution
		HideSolutionNode = FALSE
	EndGlobalSection
	GlobalSection(ExtensibilityGlobals) = postSolution
		SolutionGuid = {FA0CB28B-E1B7-4CCE-9236-8445AAA929AF}
	EndGlobalSection
EndGlobal
